
Microsoft Visual Studio Solution File, Format Version 12.00
# Visual Studio Version 17
VisualStudioVersion = 17.9.34622.214
MinimumVisualStudioVersion = 10.0.40219.1
Project("{FAE04EC0-301F-11D3-BF4B-00C04F79EFBC}") = "TemplateMatcher", "TemplateMatcher\TemplateMatcher.csproj", "{009CF770-D0BF-44BE-96EA-F229967420C5}"
EndProject
Project("{FAE04EC0-301F-11D3-BF4B-00C04F79EFBC}") = "TemplateMatcher.Tests", "TemplateMatcher.Tests\TemplateMatcher.Tests.csproj", "{FDD4BAF6-EFAC-4395-87CC-DC26EB09E300}"
EndProject
Global
	GlobalSection(SolutionConfigurationPlatforms) = preSolution
		Debug|Any CPU = Debug|Any CPU
		Release|Any CPU = Release|Any CPU
	EndGlobalSection
	GlobalSection(ProjectConfigurationPlatforms) = postSolution
		{009CF770-D0BF-44BE-96EA-F229967420C5}.Debug|Any CPU.ActiveCfg = Debug|Any CPU
		{009CF770-D0BF-44BE-96EA-F229967420C5}.Debug|Any CPU.Build.0 = Debug|Any CPU
		{009CF770-D0BF-44BE-96EA-F229967420C5}.Release|Any CPU.ActiveCfg = Release|Any CPU
		{009CF770-D0BF-44BE-96EA-F229967420C5}.Release|Any CPU.Build.0 = Release|Any CPU
		{FDD4BAF6-EFAC-4395-87CC-DC26EB09E300}.Debug|Any CPU.ActiveCfg = Debug|Any CPU
		{FDD4BAF6-EFAC-4395-87CC-DC26EB09E300}.Debug|Any CPU.Build.0 = Debug|Any CPU
		{FDD4BAF6-EFAC-4395-87CC-DC26EB09E300}.Release|Any CPU.ActiveCfg = Release|Any CPU
		{FDD4BAF6-EFAC-4395-87CC-DC26EB09E300}.Release|Any CPU.Build.0 = Release|Any CPU
	EndGlobalSection
	GlobalSection(SolutionProperties) = preSolution
		HideSolutionNode = FALSE
	EndGlobalSection
	GlobalSection(ExtensibilityGlobals) = postSolution
		SolutionGuid = {87399A1D-D868-4AAE-BA36-D6B145FACAED}
	EndGlobalSection
EndGlobal
